
Microsoft Visual Studio Solution File, Format Version 12.00
# Visual Studio Version 17
VisualStudioVersion = 17.3.32922.545
MinimumVisualStudioVersion = 10.0.40219.1
Project("{9A19103F-16F7-4668-BE54-9A1E7A4F7556}") = "InvestmentVisualisation", "InvestmentVisualisation\InvestmentVisualisation.csproj", "{C7E0B67F-6631-4599-9A9A-E1770B7F42EB}"
EndProject
Project("{9A19103F-16F7-4668-BE54-9A1E7A4F7556}") = "DataBaseRepository", "DataBaseRepository\DataBaseRepository.csproj", "{F61B1548-8530-466F-B29B-E93BDDB37386}"
EndProject
Project("{9A19103F-16F7-4668-BE54-9A1E7A4F7556}") = "DataAbstraction", "DataAbstraction\DataAbstraction.csproj", "{6B84C7F5-F0D2-40DF-9206-961F90C8717C}"
EndProject
Project("{9A19103F-16F7-4668-BE54-9A1E7A4F7556}") = "HttpDataRepository", "HttpDataRepository\HttpDataRepository.csproj", "{FAF0414C-6BC2-4AC3-B15D-DCFE9962D746}"
EndProject
Project("{FAE04EC0-301F-11D3-BF4B-00C04F79EFBC}") = "UserInputService", "UserInputService\UserInputService.csproj", "{6D12667D-04A1-4752-8ECB-19FEE898FB6D}"
EndProject
Global
	GlobalSection(SolutionConfigurationPlatforms) = preSolution
		Debug|Any CPU = Debug|Any CPU
		Release|Any CPU = Release|Any CPU
	EndGlobalSection
	GlobalSection(ProjectConfigurationPlatforms) = postSolution
		{C7E0B67F-6631-4599-9A9A-E1770B7F42EB}.Debug|Any CPU.ActiveCfg = Debug|Any CPU
		{C7E0B67F-6631-4599-9A9A-E1770B7F42EB}.Debug|Any CPU.Build.0 = Debug|Any CPU
		{C7E0B67F-6631-4599-9A9A-E1770B7F42EB}.Release|Any CPU.ActiveCfg = Release|Any CPU
		{C7E0B67F-6631-4599-9A9A-E1770B7F42EB}.Release|Any CPU.Build.0 = Release|Any CPU
		{F61B1548-8530-466F-B29B-E93BDDB37386}.Debug|Any CPU.ActiveCfg = Debug|Any CPU
		{F61B1548-8530-466F-B29B-E93BDDB37386}.Debug|Any CPU.Build.0 = Debug|Any CPU
		{F61B1548-8530-466F-B29B-E93BDDB37386}.Release|Any CPU.ActiveCfg = Release|Any CPU
		{F61B1548-8530-466F-B29B-E93BDDB37386}.Release|Any CPU.Build.0 = Release|Any CPU
		{6B84C7F5-F0D2-40DF-9206-961F90C8717C}.Debug|Any CPU.ActiveCfg = Debug|Any CPU
		{6B84C7F5-F0D2-40DF-9206-961F90C8717C}.Debug|Any CPU.Build.0 = Debug|Any CPU
		{6B84C7F5-F0D2-40DF-9206-961F90C8717C}.Release|Any CPU.ActiveCfg = Release|Any CPU
		{6B84C7F5-F0D2-40DF-9206-961F90C8717C}.Release|Any CPU.Build.0 = Release|Any CPU
		{FAF0414C-6BC2-4AC3-B15D-DCFE9962D746}.Debug|Any CPU.ActiveCfg = Debug|Any CPU
		{FAF0414C-6BC2-4AC3-B15D-DCFE9962D746}.Debug|Any CPU.Build.0 = Debug|Any CPU
		{FAF0414C-6BC2-4AC3-B15D-DCFE9962D746}.Release|Any CPU.ActiveCfg = Release|Any CPU
		{FAF0414C-6BC2-4AC3-B15D-DCFE9962D746}.Release|Any CPU.Build.0 = Release|Any CPU
		{6D12667D-04A1-4752-8ECB-19FEE898FB6D}.Debug|Any CPU.ActiveCfg = Debug|Any CPU
		{6D12667D-04A1-4752-8ECB-19FEE898FB6D}.Debug|Any CPU.Build.0 = Debug|Any CPU
		{6D12667D-04A1-4752-8ECB-19FEE898FB6D}.Release|Any CPU.ActiveCfg = Release|Any CPU
		{6D12667D-04A1-4752-8ECB-19FEE898FB6D}.Release|Any CPU.Build.0 = Release|Any CPU
	EndGlobalSection
	GlobalSection(SolutionProperties) = preSolution
		HideSolutionNode = FALSE
	EndGlobalSection
	GlobalSection(ExtensibilityGlobals) = postSolution
		SolutionGuid = {11699039-95D5-45A0-A6E6-FDA0AA80422D}
	EndGlobalSection
EndGlobal
